
Microsoft Visual Studio Solution File, Format Version 12.00
# Visual Studio 15
VisualStudioVersion = 15.0.28307.168
MinimumVisualStudioVersion = 10.0.40219.1
Project("{FAE04EC0-301F-11D3-BF4B-00C04F79EFBC}") = "HorizontalInVerticalListview.Android", "HorizontalInVerticalListview\HorizontalInVerticalListview.Android\HorizontalInVerticalListview.Android.csproj", "{F772C85C-F6E0-410D-82EA-5E51FD67569F}"
EndProject
Project("{FAE04EC0-301F-11D3-BF4B-00C04F79EFBC}") = "HorizontalInVerticalListview.iOS", "HorizontalInVerticalListview\HorizontalInVerticalListview.iOS\HorizontalInVerticalListview.iOS.csproj", "{2F0B179F-501A-41C8-BCE4-392C726FC8AE}"
EndProject
Project("{FAE04EC0-301F-11D3-BF4B-00C04F79EFBC}") = "HorizontalInVerticalListview.UWP", "HorizontalInVerticalListview\HorizontalInVerticalListview.UWP\HorizontalInVerticalListview.UWP.csproj", "{CE5F7A00-8D8E-4334-9441-BD1A5B9D085D}"
EndProject
Project("{FAE04EC0-301F-11D3-BF4B-00C04F79EFBC}") = "HorizontalInVerticalListview", "HorizontalInVerticalListview\HorizontalInVerticalListview\HorizontalInVerticalListview.csproj", "{02E2C169-85FE-4C1C-A7E8-811DF9583470}"
EndProject
Global
	GlobalSection(SolutionConfigurationPlatforms) = preSolution
		Ad-Hoc|Any CPU = Ad-Hoc|Any CPU
		Ad-Hoc|ARM = Ad-Hoc|ARM
		Ad-Hoc|iPhone = Ad-Hoc|iPhone
		Ad-Hoc|iPhoneSimulator = Ad-Hoc|iPhoneSimulator
		Ad-Hoc|x64 = Ad-Hoc|x64
		Ad-Hoc|x86 = Ad-Hoc|x86
		AppStore|Any CPU = AppStore|Any CPU
		AppStore|ARM = AppStore|ARM
		AppStore|iPhone = AppStore|iPhone
		AppStore|iPhoneSimulator = AppStore|iPhoneSimulator
		AppStore|x64 = AppStore|x64
		AppStore|x86 = AppStore|x86
		Debug|Any CPU = Debug|Any CPU
		Debug|ARM = Debug|ARM
		Debug|iPhone = Debug|iPhone
		Debug|iPhoneSimulator = Debug|iPhoneSimulator
		Debug|x64 = Debug|x64
		Debug|x86 = Debug|x86
		Release|Any CPU = Release|Any CPU
		Release|ARM = Release|ARM
		Release|iPhone = Release|iPhone
		Release|iPhoneSimulator = Release|iPhoneSimulator
		Release|x64 = Release|x64
		Release|x86 = Release|x86
	EndGlobalSection
	GlobalSection(ProjectConfigurationPlatforms) = postSolution
		{F772C85C-F6E0-410D-82EA-5E51FD67569F}.Ad-Hoc|Any CPU.ActiveCfg = Release|Any CPU
		{F772C85C-F6E0-410D-82EA-5E51FD67569F}.Ad-Hoc|Any CPU.Build.0 = Release|Any CPU
		{F772C85C-F6E0-410D-82EA-5E51FD67569F}.Ad-Hoc|Any CPU.Deploy.0 = Release|Any CPU
		{F772C85C-F6E0-410D-82EA-5E51FD67569F}.Ad-Hoc|ARM.ActiveCfg = Release|Any CPU
		{F772C85C-F6E0-410D-82EA-5E51FD67569F}.Ad-Hoc|ARM.Build.0 = Release|Any CPU
		{F772C85C-F6E0-410D-82EA-5E51FD67569F}.Ad-Hoc|ARM.Deploy.0 = Release|Any CPU
		{F772C85C-F6E0-410D-82EA-5E51FD67569F}.Ad-Hoc|iPhone.ActiveCfg = Release|Any CPU
		{F772C85C-F6E0-410D-82EA-5E51FD67569F}.Ad-Hoc|iPhone.Build.0 = Release|Any CPU
		{F772C85C-F6E0-410D-82EA-5E51FD67569F}.Ad-Hoc|iPhone.Deploy.0 = Release|Any CPU
		{F772C85C-F6E0-410D-82EA-5E51FD67569F}.Ad-Hoc|iPhoneSimulator.ActiveCfg = Release|Any CPU
		{F772C85C-F6E0-410D-82EA-5E51FD67569F}.Ad-Hoc|iPhoneSimulator.Build.0 = Release|Any CPU
		{F772C85C-F6E0-410D-82EA-5E51FD67569F}.Ad-Hoc|iPhoneSimulator.Deploy.0 = Release|Any CPU
		{F772C85C-F6E0-410D-82EA-5E51FD67569F}.Ad-Hoc|x64.ActiveCfg = Release|Any CPU
		{F772C85C-F6E0-410D-82EA-5E51FD67569F}.Ad-Hoc|x64.Build.0 = Release|Any CPU
		{F772C85C-F6E0-410D-82EA-5E51FD67569F}.Ad-Hoc|x64.Deploy.0 = Release|Any CPU
		{F772C85C-F6E0-410D-82EA-5E51FD67569F}.Ad-Hoc|x86.ActiveCfg = Release|Any CPU
		{F772C85C-F6E0-410D-82EA-5E51FD67569F}.Ad-Hoc|x86.Build.0 = Release|Any CPU
		{F772C85C-F6E0-410D-82EA-5E51FD67569F}.Ad-Hoc|x86.Deploy.0 = Release|Any CPU
		{F772C85C-F6E0-410D-82EA-5E51FD67569F}.AppStore|Any CPU.ActiveCfg = Release|Any CPU
		{F772C85C-F6E0-410D-82EA-5E51FD67569F}.AppStore|Any CPU.Build.0 = Release|Any CPU
		{F772C85C-F6E0-410D-82EA-5E51FD67569F}.AppStore|Any CPU.Deploy.0 = Release|Any CPU
		{F772C85C-F6E0-410D-82EA-5E51FD67569F}.AppStore|ARM.ActiveCfg = Release|Any CPU
		{F772C85C-F6E0-410D-82EA-5E51FD67569F}.AppStore|ARM.Build.0 = Release|Any CPU
		{F772C85C-F6E0-410D-82EA-5E51FD67569F}.AppStore|ARM.Deploy.0 = Release|Any CPU
		{F772C85C-F6E0-410D-82EA-5E51FD67569F}.AppStore|iPhone.ActiveCfg = Release|Any CPU
		{F772C85C-F6E0-410D-82EA-5E51FD67569F}.AppStore|iPhone.Build.0 = Release|Any CPU
		{F772C85C-F6E0-410D-82EA-5E51FD67569F}.AppStore|iPhone.Deploy.0 = Release|Any CPU
		{F772C85C-F6E0-410D-82EA-5E51FD67569F}.AppStore|iPhoneSimulator.ActiveCfg = Release|Any CPU
		{F772C85C-F6E0-410D-82EA-5E51FD67569F}.AppStore|iPhoneSimulator.Build.0 = Release|Any CPU
		{F772C85C-F6E0-410D-82EA-5E51FD67569F}.AppStore|iPhoneSimulator.Deploy.0 = Release|Any CPU
		{F772C85C-F6E0-410D-82EA-5E51FD67569F}.AppStore|x64.ActiveCfg = Release|Any CPU
		{F772C85C-F6E0-410D-82EA-5E51FD67569F}.AppStore|x64.Build.0 = Release|Any CPU
		{F772C85C-F6E0-410D-82EA-5E51FD67569F}.AppStore|x64.Deploy.0 = Release|Any CPU
		{F772C85C-F6E0-410D-82EA-5E51FD67569F}.AppStore|x86.ActiveCfg = Release|Any CPU
		{F772C85C-F6E0-410D-82EA-5E51FD67569F}.AppStore|x86.Build.0 = Release|Any CPU
		{F772C85C-F6E0-410D-82EA-5E51FD67569F}.AppStore|x86.Deploy.0 = Release|Any CPU
		{F772C85C-F6E0-410D-82EA-5E51FD67569F}.Debug|Any CPU.ActiveCfg = Debug|Any CPU
		{F772C85C-F6E0-410D-82EA-5E51FD67569F}.Debug|Any CPU.Build.0 = Debug|Any CPU
		{F772C85C-F6E0-410D-82EA-5E51FD67569F}.Debug|Any CPU.Deploy.0 = Debug|Any CPU
		{F772C85C-F6E0-410D-82EA-5E51FD67569F}.Debug|ARM.ActiveCfg = Debug|Any CPU
		{F772C85C-F6E0-410D-82EA-5E51FD67569F}.Debug|ARM.Build.0 = Debug|Any CPU
		{F772C85C-F6E0-410D-82EA-5E51FD67569F}.Debug|ARM.Deploy.0 = Debug|Any CPU
		{F772C85C-F6E0-410D-82EA-5E51FD67569F}.Debug|iPhone.ActiveCfg = Debug|Any CPU
		{F772C85C-F6E0-410D-82EA-5E51FD67569F}.Debug|iPhone.Build.0 = Debug|Any CPU
		{F772C85C-F6E0-410D-82EA-5E51FD67569F}.Debug|iPhone.Deploy.0 = Debug|Any CPU
		{F772C85C-F6E0-410D-82EA-5E51FD67569F}.Debug|iPhoneSimulator.ActiveCfg = Debug|Any CPU
		{F772C85C-F6E0-410D-82EA-5E51FD67569F}.Debug|iPhoneSimulator.Build.0 = Debug|Any CPU
		{F772C85C-F6E0-410D-82EA-5E51FD67569F}.Debug|iPhoneSimulator.Deploy.0 = Debug|Any CPU
		{F772C85C-F6E0-410D-82EA-5E51FD67569F}.Debug|x64.ActiveCfg = Debug|Any CPU
		{F772C85C-F6E0-410D-82EA-5E51FD67569F}.Debug|x64.Build.0 = Debug|Any CPU
		{F772C85C-F6E0-410D-82EA-5E51FD67569F}.Debug|x64.Deploy.0 = Debug|Any CPU
		{F772C85C-F6E0-410D-82EA-5E51FD67569F}.Debug|x86.ActiveCfg = Debug|Any CPU
		{F772C85C-F6E0-410D-82EA-5E51FD67569F}.Debug|x86.Build.0 = Debug|Any CPU
		{F772C85C-F6E0-410D-82EA-5E51FD67569F}.Debug|x86.Deploy.0 = Debug|Any CPU
		{F772C85C-F6E0-410D-82EA-5E51FD67569F}.Release|Any CPU.ActiveCfg = Release|Any CPU
		{F772C85C-F6E0-410D-82EA-5E51FD67569F}.Release|Any CPU.Build.0 = Release|Any CPU
		{F772C85C-F6E0-410D-82EA-5E51FD67569F}.Release|Any CPU.Deploy.0 = Release|Any CPU
		{F772C85C-F6E0-410D-82EA-5E51FD67569F}.Release|ARM.ActiveCfg = Release|Any CPU
		{F772C85C-F6E0-410D-82EA-5E51FD67569F}.Release|ARM.Build.0 = Release|Any CPU
		{F772C85C-F6E0-410D-82EA-5E51FD67569F}.Release|ARM.Deploy.0 = Release|Any CPU
		{F772C85C-F6E0-410D-82EA-5E51FD67569F}.Release|iPhone.ActiveCfg = Release|Any CPU
		{F772C85C-F6E0-410D-82EA-5E51FD67569F}.Release|iPhone.Build.0 = Release|Any CPU
		{F772C85C-F6E0-410D-82EA-5E51FD67569F}.Release|iPhone.Deploy.0 = Release|Any CPU
		{F772C85C-F6E0-410D-82EA-5E51FD67569F}.Release|iPhoneSimulator.ActiveCfg = Release|Any CPU
		{F772C85C-F6E0-410D-82EA-5E51FD67569F}.Release|iPhoneSimulator.Build.0 = Release|Any CPU
		{F772C85C-F6E0-410D-82EA-5E51FD67569F}.Release|iPhoneSimulator.Deploy.0 = Release|Any CPU
		{F772C85C-F6E0-410D-82EA-5E51FD67569F}.Release|x64.ActiveCfg = Release|Any CPU
		{F772C85C-F6E0-410D-82EA-5E51FD67569F}.Release|x64.Build.0 = Release|Any CPU
		{F772C85C-F6E0-410D-82EA-5E51FD67569F}.Release|x64.Deploy.0 = Release|Any CPU
		{F772C85C-F6E0-410D-82EA-5E51FD67569F}.Release|x86.ActiveCfg = Release|Any CPU
		{F772C85C-F6E0-410D-82EA-5E51FD67569F}.Release|x86.Build.0 = Release|Any CPU
		{F772C85C-F6E0-410D-82EA-5E51FD67569F}.Release|x86.Deploy.0 = Release|Any CPU
		{2F0B179F-501A-41C8-BCE4-392C726FC8AE}.Ad-Hoc|Any CPU.ActiveCfg = Ad-Hoc|iPhone
		{2F0B179F-501A-41C8-BCE4-392C726FC8AE}.Ad-Hoc|Any CPU.Build.0 = Ad-Hoc|iPhone
		{2F0B179F-501A-41C8-BCE4-392C726FC8AE}.Ad-Hoc|Any CPU.Deploy.0 = Ad-Hoc|iPhone
		{2F0B179F-501A-41C8-BCE4-392C726FC8AE}.Ad-Hoc|ARM.ActiveCfg = Ad-Hoc|iPhone
		{2F0B179F-501A-41C8-BCE4-392C726FC8AE}.Ad-Hoc|ARM.Build.0 = Ad-Hoc|iPhone
		{2F0B179F-501A-41C8-BCE4-392C726FC8AE}.Ad-Hoc|ARM.Deploy.0 = Ad-Hoc|iPhone
		{2F0B179F-501A-41C8-BCE4-392C726FC8AE}.Ad-Hoc|iPhone.ActiveCfg = Ad-Hoc|iPhone
		{2F0B179F-501A-41C8-BCE4-392C726FC8AE}.Ad-Hoc|iPhone.Build.0 = Ad-Hoc|iPhone
		{2F0B179F-501A-41C8-BCE4-392C726FC8AE}.Ad-Hoc|iPhone.Deploy.0 = Ad-Hoc|iPhone
		{2F0B179F-501A-41C8-BCE4-392C726FC8AE}.Ad-Hoc|iPhoneSimulator.ActiveCfg = Ad-Hoc|iPhoneSimulator
		{2F0B179F-501A-41C8-BCE4-392C726FC8AE}.Ad-Hoc|iPhoneSimulator.Build.0 = Ad-Hoc|iPhoneSimulator
		{2F0B179F-501A-41C8-BCE4-392C726FC8AE}.Ad-Hoc|iPhoneSimulator.Deploy.0 = Ad-Hoc|iPhoneSimulator
		{2F0B179F-501A-41C8-BCE4-392C726FC8AE}.Ad-Hoc|x64.ActiveCfg = Ad-Hoc|iPhone
		{2F0B179F-501A-41C8-BCE4-392C726FC8AE}.Ad-Hoc|x64.Build.0 = Ad-Hoc|iPhone
		{2F0B179F-501A-41C8-BCE4-392C726FC8AE}.Ad-Hoc|x64.Deploy.0 = Ad-Hoc|iPhone
		{2F0B179F-501A-41C8-BCE4-392C726FC8AE}.Ad-Hoc|x86.ActiveCfg = Ad-Hoc|iPhone
		{2F0B179F-501A-41C8-BCE4-392C726FC8AE}.Ad-Hoc|x86.Build.0 = Ad-Hoc|iPhone
		{2F0B179F-501A-41C8-BCE4-392C726FC8AE}.Ad-Hoc|x86.Deploy.0 = Ad-Hoc|iPhone
		{2F0B179F-501A-41C8-BCE4-392C726FC8AE}.AppStore|Any CPU.ActiveCfg = AppStore|iPhone
		{2F0B179F-501A-41C8-BCE4-392C726FC8AE}.AppStore|Any CPU.Build.0 = AppStore|iPhone
		{2F0B179F-501A-41C8-BCE4-392C726FC8AE}.AppStore|Any CPU.Deploy.0 = AppStore|iPhone
		{2F0B179F-501A-41C8-BCE4-392C726FC8AE}.AppStore|ARM.ActiveCfg = AppStore|iPhone
		{2F0B179F-501A-41C8-BCE4-392C726FC8AE}.AppStore|ARM.Build.0 = AppStore|iPhone
		{2F0B179F-501A-41C8-BCE4-392C726FC8AE}.AppStore|ARM.Deploy.0 = AppStore|iPhone
		{2F0B179F-501A-41C8-BCE4-392C726FC8AE}.AppStore|iPhone.ActiveCfg = AppStore|iPhone
		{2F0B179F-501A-41C8-BCE4-392C726FC8AE}.AppStore|iPhone.Build.0 = AppStore|iPhone
		{2F0B179F-501A-41C8-BCE4-392C726FC8AE}.AppStore|iPhone.Deploy.0 = AppStore|iPhone
		{2F0B179F-501A-41C8-BCE4-392C726FC8AE}.AppStore|iPhoneSimulator.ActiveCfg = AppStore|iPhoneSimulator
		{2F0B179F-501A-41C8-BCE4-392C726FC8AE}.AppStore|iPhoneSimulator.Build.0 = AppStore|iPhoneSimulator
		{2F0B179F-501A-41C8-BCE4-392C726FC8AE}.AppStore|iPhoneSimulator.Deploy.0 = AppStore|iPhoneSimulator
		{2F0B179F-501A-41C8-BCE4-392C726FC8AE}.AppStore|x64.ActiveCfg = AppStore|iPhone
		{2F0B179F-501A-41C8-BCE4-392C726FC8AE}.AppStore|x64.Build.0 = AppStore|iPhone
		{2F0B179F-501A-41C8-BCE4-392C726FC8AE}.AppStore|x64.Deploy.0 = AppStore|iPhone
		{2F0B179F-501A-41C8-BCE4-392C726FC8AE}.AppStore|x86.ActiveCfg = AppStore|iPhone
		{2F0B179F-501A-41C8-BCE4-392C726FC8AE}.AppStore|x86.Build.0 = AppStore|iPhone
		{2F0B179F-501A-41C8-BCE4-392C726FC8AE}.AppStore|x86.Deploy.0 = AppStore|iPhone
		{2F0B179F-501A-41C8-BCE4-392C726FC8AE}.Debug|Any CPU.ActiveCfg = Debug|iPhoneSimulator
		{2F0B179F-501A-41C8-BCE4-392C726FC8AE}.Debug|Any CPU.Build.0 = Debug|iPhoneSimulator
		{2F0B179F-501A-41C8-BCE4-392C726FC8AE}.Debug|Any CPU.Deploy.0 = Debug|iPhoneSimulator
		{2F0B179F-501A-41C8-BCE4-392C726FC8AE}.Debug|ARM.ActiveCfg = Debug|iPhone
		{2F0B179F-501A-41C8-BCE4-392C726FC8AE}.Debug|ARM.Build.0 = Debug|iPhone
		{2F0B179F-501A-41C8-BCE4-392C726FC8AE}.Debug|ARM.Deploy.0 = Debug|iPhone
		{2F0B179F-501A-41C8-BCE4-392C726FC8AE}.Debug|iPhone.ActiveCfg = Debug|iPhone
		{2F0B179F-501A-41C8-BCE4-392C726FC8AE}.Debug|iPhone.Build.0 = Debug|iPhone
		{2F0B179F-501A-41C8-BCE4-392C726FC8AE}.Debug|iPhone.Deploy.0 = Debug|iPhone
		{2F0B179F-501A-41C8-BCE4-392C726FC8AE}.Debug|iPhoneSimulator.ActiveCfg = Debug|iPhoneSimulator
		{2F0B179F-501A-41C8-BCE4-392C726FC8AE}.Debug|iPhoneSimulator.Build.0 = Debug|iPhoneSimulator
		{2F0B179F-501A-41C8-BCE4-392C726FC8AE}.Debug|iPhoneSimulator.Deploy.0 = Debug|iPhoneSimulator
		{2F0B179F-501A-41C8-BCE4-392C726FC8AE}.Debug|x64.ActiveCfg = Debug|iPhone
		{2F0B179F-501A-41C8-BCE4-392C726FC8AE}.Debug|x64.Build.0 = Debug|iPhone
		{2F0B179F-501A-41C8-BCE4-392C726FC8AE}.Debug|x64.Deploy.0 = Debug|iPhone
		{2F0B179F-501A-41C8-BCE4-392C726FC8AE}.Debug|x86.ActiveCfg = Debug|iPhone
		{2F0B179F-501A-41C8-BCE4-392C726FC8AE}.Debug|x86.Build.0 = Debug|iPhone
		{2F0B179F-501A-41C8-BCE4-392C726FC8AE}.Debug|x86.Deploy.0 = Debug|iPhone
		{2F0B179F-501A-41C8-BCE4-392C726FC8AE}.Release|Any CPU.ActiveCfg = Release|iPhone
		{2F0B179F-501A-41C8-BCE4-392C726FC8AE}.Release|Any CPU.Build.0 = Release|iPhone
		{2F0B179F-501A-41C8-BCE4-392C726FC8AE}.Release|Any CPU.Deploy.0 = Release|iPhone
		{2F0B179F-501A-41C8-BCE4-392C726FC8AE}.Release|ARM.ActiveCfg = Release|iPhone
		{2F0B179F-501A-41C8-BCE4-392C726FC8AE}.Release|ARM.Build.0 = Release|iPhone
		{2F0B179F-501A-41C8-BCE4-392C726FC8AE}.Release|ARM.Deploy.0 = Release|iPhone
		{2F0B179F-501A-41C8-BCE4-392C726FC8AE}.Release|iPhone.ActiveCfg = Release|iPhone
		{2F0B179F-501A-41C8-BCE4-392C726FC8AE}.Release|iPhone.Build.0 = Release|iPhone
		{2F0B179F-501A-41C8-BCE4-392C726FC8AE}.Release|iPhone.Deploy.0 = Release|iPhone
		{2F0B179F-501A-41C8-BCE4-392C726FC8AE}.Release|iPhoneSimulator.ActiveCfg = Release|iPhoneSimulator
		{2F0B179F-501A-41C8-BCE4-392C726FC8AE}.Release|iPhoneSimulator.Build.0 = Release|iPhoneSimulator
		{2F0B179F-501A-41C8-BCE4-392C726FC8AE}.Release|iPhoneSimulator.Deploy.0 = Release|iPhoneSimulator
		{2F0B179F-501A-41C8-BCE4-392C726FC8AE}.Release|x64.ActiveCfg = Release|iPhone
		{2F0B179F-501A-41C8-BCE4-392C726FC8AE}.Release|x64.Build.0 = Release|iPhone
		{2F0B179F-501A-41C8-BCE4-392C726FC8AE}.Release|x64.Deploy.0 = Release|iPhone
		{2F0B179F-501A-41C8-BCE4-392C726FC8AE}.Release|x86.ActiveCfg = Release|iPhone
		{2F0B179F-501A-41C8-BCE4-392C726FC8AE}.Release|x86.Build.0 = Release|iPhone
		{2F0B179F-501A-41C8-BCE4-392C726FC8AE}.Release|x86.Deploy.0 = Release|iPhone
		{CE5F7A00-8D8E-4334-9441-BD1A5B9D085D}.Ad-Hoc|Any CPU.ActiveCfg = Release|x86
		{CE5F7A00-8D8E-4334-9441-BD1A5B9D085D}.Ad-Hoc|Any CPU.Build.0 = Release|x86
		{CE5F7A00-8D8E-4334-9441-BD1A5B9D085D}.Ad-Hoc|Any CPU.Deploy.0 = Release|x86
		{CE5F7A00-8D8E-4334-9441-BD1A5B9D085D}.Ad-Hoc|ARM.ActiveCfg = Release|ARM
		{CE5F7A00-8D8E-4334-9441-BD1A5B9D085D}.Ad-Hoc|ARM.Build.0 = Release|ARM
		{CE5F7A00-8D8E-4334-9441-BD1A5B9D085D}.Ad-Hoc|ARM.Deploy.0 = Release|ARM
		{CE5F7A00-8D8E-4334-9441-BD1A5B9D085D}.Ad-Hoc|iPhone.ActiveCfg = Release|x86
		{CE5F7A00-8D8E-4334-9441-BD1A5B9D085D}.Ad-Hoc|iPhone.Build.0 = Release|x86
		{CE5F7A00-8D8E-4334-9441-BD1A5B9D085D}.Ad-Hoc|iPhone.Deploy.0 = Release|x86
		{CE5F7A00-8D8E-4334-9441-BD1A5B9D085D}.Ad-Hoc|iPhoneSimulator.ActiveCfg = Release|x86
		{CE5F7A00-8D8E-4334-9441-BD1A5B9D085D}.Ad-Hoc|iPhoneSimulator.Build.0 = Release|x86
		{CE5F7A00-8D8E-4334-9441-BD1A5B9D085D}.Ad-Hoc|iPhoneSimulator.Deploy.0 = Release|x86
		{CE5F7A00-8D8E-4334-9441-BD1A5B9D085D}.Ad-Hoc|x64.ActiveCfg = Release|x64
		{CE5F7A00-8D8E-4334-9441-BD1A5B9D085D}.Ad-Hoc|x64.Build.0 = Release|x64
		{CE5F7A00-8D8E-4334-9441-BD1A5B9D085D}.Ad-Hoc|x64.Deploy.0 = Release|x64
		{CE5F7A00-8D8E-4334-9441-BD1A5B9D085D}.Ad-Hoc|x86.ActiveCfg = Release|x86
		{CE5F7A00-8D8E-4334-9441-BD1A5B9D085D}.Ad-Hoc|x86.Build.0 = Release|x86
		{CE5F7A00-8D8E-4334-9441-BD1A5B9D085D}.Ad-Hoc|x86.Deploy.0 = Release|x86
		{CE5F7A00-8D8E-4334-9441-BD1A5B9D085D}.AppStore|Any CPU.ActiveCfg = Release|x86
		{CE5F7A00-8D8E-4334-9441-BD1A5B9D085D}.AppStore|Any CPU.Build.0 = Release|x86
		{CE5F7A00-8D8E-4334-9441-BD1A5B9D085D}.AppStore|Any CPU.Deploy.0 = Release|x86
		{CE5F7A00-8D8E-4334-9441-BD1A5B9D085D}.AppStore|ARM.ActiveCfg = Release|ARM
		{CE5F7A00-8D8E-4334-9441-BD1A5B9D085D}.AppStore|ARM.Build.0 = Release|ARM
		{CE5F7A00-8D8E-4334-9441-BD1A5B9D085D}.AppStore|ARM.Deploy.0 = Release|ARM
		{CE5F7A00-8D8E-4334-9441-BD1A5B9D085D}.AppStore|iPhone.ActiveCfg = Release|x86
		{CE5F7A00-8D8E-4334-9441-BD1A5B9D085D}.AppStore|iPhone.Build.0 = Release|x86
		{CE5F7A00-8D8E-4334-9441-BD1A5B9D085D}.AppStore|iPhone.Deploy.0 = Release|x86
		{CE5F7A00-8D8E-4334-9441-BD1A5B9D085D}.AppStore|iPhoneSimulator.ActiveCfg = Release|x86
		{CE5F7A00-8D8E-4334-9441-BD1A5B9D085D}.AppStore|iPhoneSimulator.Build.0 = Release|x86
		{CE5F7A00-8D8E-4334-9441-BD1A5B9D085D}.AppStore|iPhoneSimulator.Deploy.0 = Release|x86
		{CE5F7A00-8D8E-4334-9441-BD1A5B9D085D}.AppStore|x64.ActiveCfg = Release|x64
		{CE5F7A00-8D8E-4334-9441-BD1A5B9D085D}.AppStore|x64.Build.0 = Release|x64
		{CE5F7A00-8D8E-4334-9441-BD1A5B9D085D}.AppStore|x64.Deploy.0 = Release|x64
		{CE5F7A00-8D8E-4334-9441-BD1A5B9D085D}.AppStore|x86.ActiveCfg = Release|x86
		{CE5F7A00-8D8E-4334-9441-BD1A5B9D085D}.AppStore|x86.Build.0 = Release|x86
		{CE5F7A00-8D8E-4334-9441-BD1A5B9D085D}.AppStore|x86.Deploy.0 = Release|x86
		{CE5F7A00-8D8E-4334-9441-BD1A5B9D085D}.Debug|Any CPU.ActiveCfg = Debug|x86
		{CE5F7A00-8D8E-4334-9441-BD1A5B9D085D}.Debug|Any CPU.Build.0 = Debug|x86
		{CE5F7A00-8D8E-4334-9441-BD1A5B9D085D}.Debug|Any CPU.Deploy.0 = Debug|x86
		{CE5F7A00-8D8E-4334-9441-BD1A5B9D085D}.Debug|ARM.ActiveCfg = Debug|ARM
		{CE5F7A00-8D8E-4334-9441-BD1A5B9D085D}.Debug|ARM.Build.0 = Debug|ARM
		{CE5F7A00-8D8E-4334-9441-BD1A5B9D085D}.Debug|ARM.Deploy.0 = Debug|ARM
		{CE5F7A00-8D8E-4334-9441-BD1A5B9D085D}.Debug|iPhone.ActiveCfg = Debug|x86
		{CE5F7A00-8D8E-4334-9441-BD1A5B9D085D}.Debug|iPhone.Build.0 = Debug|x86
		{CE5F7A00-8D8E-4334-9441-BD1A5B9D085D}.Debug|iPhone.Deploy.0 = Debug|x86
		{CE5F7A00-8D8E-4334-9441-BD1A5B9D085D}.Debug|iPhoneSimulator.ActiveCfg = Debug|x86
		{CE5F7A00-8D8E-4334-9441-BD1A5B9D085D}.Debug|iPhoneSimulator.Build.0 = Debug|x86
		{CE5F7A00-8D8E-4334-9441-BD1A5B9D085D}.Debug|iPhoneSimulator.Deploy.0 = Debug|x86
		{CE5F7A00-8D8E-4334-9441-BD1A5B9D085D}.Debug|x64.ActiveCfg = Debug|x64
		{CE5F7A00-8D8E-4334-9441-BD1A5B9D085D}.Debug|x64.Build.0 = Debug|x64
		{CE5F7A00-8D8E-4334-9441-BD1A5B9D085D}.Debug|x64.Deploy.0 = Debug|x64
		{CE5F7A00-8D8E-4334-9441-BD1A5B9D085D}.Debug|x86.ActiveCfg = Debug|x86
		{CE5F7A00-8D8E-4334-9441-BD1A5B9D085D}.Debug|x86.Build.0 = Debug|x86
		{CE5F7A00-8D8E-4334-9441-BD1A5B9D085D}.Debug|x86.Deploy.0 = Debug|x86
		{CE5F7A00-8D8E-4334-9441-BD1A5B9D085D}.Release|Any CPU.ActiveCfg = Release|x86
		{CE5F7A00-8D8E-4334-9441-BD1A5B9D085D}.Release|Any CPU.Build.0 = Release|x86
		{CE5F7A00-8D8E-4334-9441-BD1A5B9D085D}.Release|Any CPU.Deploy.0 = Release|x86
		{CE5F7A00-8D8E-4334-9441-BD1A5B9D085D}.Release|ARM.ActiveCfg = Release|ARM
		{CE5F7A00-8D8E-4334-9441-BD1A5B9D085D}.Release|ARM.Build.0 = Release|ARM
		{CE5F7A00-8D8E-4334-9441-BD1A5B9D085D}.Release|ARM.Deploy.0 = Release|ARM
		{CE5F7A00-8D8E-4334-9441-BD1A5B9D085D}.Release|iPhone.ActiveCfg = Release|x86
		{CE5F7A00-8D8E-4334-9441-BD1A5B9D085D}.Release|iPhone.Build.0 = Release|x86
		{CE5F7A00-8D8E-4334-9441-BD1A5B9D085D}.Release|iPhone.Deploy.0 = Release|x86
		{CE5F7A00-8D8E-4334-9441-BD1A5B9D085D}.Release|iPhoneSimulator.ActiveCfg = Release|x86
		{CE5F7A00-8D8E-4334-9441-BD1A5B9D085D}.Release|iPhoneSimulator.Build.0 = Release|x86
		{CE5F7A00-8D8E-4334-9441-BD1A5B9D085D}.Release|iPhoneSimulator.Deploy.0 = Release|x86
		{CE5F7A00-8D8E-4334-9441-BD1A5B9D085D}.Release|x64.ActiveCfg = Release|x64
		{CE5F7A00-8D8E-4334-9441-BD1A5B9D085D}.Release|x64.Build.0 = Release|x64
		{CE5F7A00-8D8E-4334-9441-BD1A5B9D085D}.Release|x64.Deploy.0 = Release|x64
		{CE5F7A00-8D8E-4334-9441-BD1A5B9D085D}.Release|x86.ActiveCfg = Release|x86
		{CE5F7A00-8D8E-4334-9441-BD1A5B9D085D}.Release|x86.Build.0 = Release|x86
		{CE5F7A00-8D8E-4334-9441-BD1A5B9D085D}.Release|x86.Deploy.0 = Release|x86
		{02E2C169-85FE-4C1C-A7E8-811DF9583470}.Ad-Hoc|Any CPU.ActiveCfg = Debug|Any CPU
		{02E2C169-85FE-4C1C-A7E8-811DF9583470}.Ad-Hoc|Any CPU.Build.0 = Debug|Any CPU
		{02E2C169-85FE-4C1C-A7E8-811DF9583470}.Ad-Hoc|Any CPU.Deploy.0 = Debug|Any CPU
		{02E2C169-85FE-4C1C-A7E8-811DF9583470}.Ad-Hoc|ARM.ActiveCfg = Debug|Any CPU
		{02E2C169-85FE-4C1C-A7E8-811DF9583470}.Ad-Hoc|ARM.Build.0 = Debug|Any CPU
		{02E2C169-85FE-4C1C-A7E8-811DF9583470}.Ad-Hoc|ARM.Deploy.0 = Debug|Any CPU
		{02E2C169-85FE-4C1C-A7E8-811DF9583470}.Ad-Hoc|iPhone.ActiveCfg = Debug|Any CPU
		{02E2C169-85FE-4C1C-A7E8-811DF9583470}.Ad-Hoc|iPhone.Build.0 = Debug|Any CPU
		{02E2C169-85FE-4C1C-A7E8-811DF9583470}.Ad-Hoc|iPhone.Deploy.0 = Debug|Any CPU
		{02E2C169-85FE-4C1C-A7E8-811DF9583470}.Ad-Hoc|iPhoneSimulator.ActiveCfg = Debug|Any CPU
		{02E2C169-85FE-4C1C-A7E8-811DF9583470}.Ad-Hoc|iPhoneSimulator.Build.0 = Debug|Any CPU
		{02E2C169-85FE-4C1C-A7E8-811DF9583470}.Ad-Hoc|iPhoneSimulator.Deploy.0 = Debug|Any CPU
		{02E2C169-85FE-4C1C-A7E8-811DF9583470}.Ad-Hoc|x64.ActiveCfg = Debug|Any CPU
		{02E2C169-85FE-4C1C-A7E8-811DF9583470}.Ad-Hoc|x64.Build.0 = Debug|Any CPU
		{02E2C169-85FE-4C1C-A7E8-811DF9583470}.Ad-Hoc|x64.Deploy.0 = Debug|Any CPU
		{02E2C169-85FE-4C1C-A7E8-811DF9583470}.Ad-Hoc|x86.ActiveCfg = Debug|Any CPU
		{02E2C169-85FE-4C1C-A7E8-811DF9583470}.Ad-Hoc|x86.Build.0 = Debug|Any CPU
		{02E2C169-85FE-4C1C-A7E8-811DF9583470}.Ad-Hoc|x86.Deploy.0 = Debug|Any CPU
		{02E2C169-85FE-4C1C-A7E8-811DF9583470}.AppStore|Any CPU.ActiveCfg = Debug|Any CPU
		{02E2C169-85FE-4C1C-A7E8-811DF9583470}.AppStore|Any CPU.Build.0 = Debug|Any CPU
		{02E2C169-85FE-4C1C-A7E8-811DF9583470}.AppStore|Any CPU.Deploy.0 = Debug|Any CPU
		{02E2C169-85FE-4C1C-A7E8-811DF9583470}.AppStore|ARM.ActiveCfg = Debug|Any CPU
		{02E2C169-85FE-4C1C-A7E8-811DF9583470}.AppStore|ARM.Build.0 = Debug|Any CPU
		{02E2C169-85FE-4C1C-A7E8-811DF9583470}.AppStore|ARM.Deploy.0 = Debug|Any CPU
		{02E2C169-85FE-4C1C-A7E8-811DF9583470}.AppStore|iPhone.ActiveCfg = Debug|Any CPU
		{02E2C169-85FE-4C1C-A7E8-811DF9583470}.AppStore|iPhone.Build.0 = Debug|Any CPU
		{02E2C169-85FE-4C1C-A7E8-811DF9583470}.AppStore|iPhone.Deploy.0 = Debug|Any CPU
		{02E2C169-85FE-4C1C-A7E8-811DF9583470}.AppStore|iPhoneSimulator.ActiveCfg = Debug|Any CPU
		{02E2C169-85FE-4C1C-A7E8-811DF9583470}.AppStore|iPhoneSimulator.Build.0 = Debug|Any CPU
		{02E2C169-85FE-4C1C-A7E8-811DF9583470}.AppStore|iPhoneSimulator.Deploy.0 = Debug|Any CPU
		{02E2C169-85FE-4C1C-A7E8-811DF9583470}.AppStore|x64.ActiveCfg = Debug|Any CPU
		{02E2C169-85FE-4C1C-A7E8-811DF9583470}.AppStore|x64.Build.0 = Debug|Any CPU
		{02E2C169-85FE-4C1C-A7E8-811DF9583470}.AppStore|x64.Deploy.0 = Debug|Any CPU
		{02E2C169-85FE-4C1C-A7E8-811DF9583470}.AppStore|x86.ActiveCfg = Debug|Any CPU
		{02E2C169-85FE-4C1C-A7E8-811DF9583470}.AppStore|x86.Build.0 = Debug|Any CPU
		{02E2C169-85FE-4C1C-A7E8-811DF9583470}.AppStore|x86.Deploy.0 = Debug|Any CPU
		{02E2C169-85FE-4C1C-A7E8-811DF9583470}.Debug|Any CPU.ActiveCfg = Debug|Any CPU
		{02E2C169-85FE-4C1C-A7E8-811DF9583470}.Debug|Any CPU.Build.0 = Debug|Any CPU
		{02E2C169-85FE-4C1C-A7E8-811DF9583470}.Debug|Any CPU.Deploy.0 = Debug|Any CPU
		{02E2C169-85FE-4C1C-A7E8-811DF9583470}.Debug|ARM.ActiveCfg = Debug|Any CPU
		{02E2C169-85FE-4C1C-A7E8-811DF9583470}.Debug|ARM.Build.0 = Debug|Any CPU
		{02E2C169-85FE-4C1C-A7E8-811DF9583470}.Debug|ARM.Deploy.0 = Debug|Any CPU
		{02E2C169-85FE-4C1C-A7E8-811DF9583470}.Debug|iPhone.ActiveCfg = Debug|Any CPU
		{02E2C169-85FE-4C1C-A7E8-811DF9583470}.Debug|iPhone.Build.0 = Debug|Any CPU
		{02E2C169-85FE-4C1C-A7E8-811DF9583470}.Debug|iPhone.Deploy.0 = Debug|Any CPU
		{02E2C169-85FE-4C1C-A7E8-811DF9583470}.Debug|iPhoneSimulator.ActiveCfg = Debug|Any CPU
		{02E2C169-85FE-4C1C-A7E8-811DF9583470}.Debug|iPhoneSimulator.Build.0 = Debug|Any CPU
		{02E2C169-85FE-4C1C-A7E8-811DF9583470}.Debug|iPhoneSimulator.Deploy.0 = Debug|Any CPU
		{02E2C169-85FE-4C1C-A7E8-811DF9583470}.Debug|x64.ActiveCfg = Debug|Any CPU
		{02E2C169-85FE-4C1C-A7E8-811DF9583470}.Debug|x64.Build.0 = Debug|Any CPU
		{02E2C169-85FE-4C1C-A7E8-811DF9583470}.Debug|x64.Deploy.0 = Debug|Any CPU
		{02E2C169-85FE-4C1C-A7E8-811DF9583470}.Debug|x86.ActiveCfg = Debug|Any CPU
		{02E2C169-85FE-4C1C-A7E8-811DF9583470}.Debug|x86.Build.0 = Debug|Any CPU
		{02E2C169-85FE-4C1C-A7E8-811DF9583470}.Debug|x86.Deploy.0 = Debug|Any CPU
		{02E2C169-85FE-4C1C-A7E8-811DF9583470}.Release|Any CPU.ActiveCfg = Release|Any CPU
		{02E2C169-85FE-4C1C-A7E8-811DF9583470}.Release|Any CPU.Build.0 = Release|Any CPU
		{02E2C169-85FE-4C1C-A7E8-811DF9583470}.Release|Any CPU.Deploy.0 = Release|Any CPU
		{02E2C169-85FE-4C1C-A7E8-811DF9583470}.Release|ARM.ActiveCfg = Release|Any CPU
		{02E2C169-85FE-4C1C-A7E8-811DF9583470}.Release|ARM.Build.0 = Release|Any CPU
		{02E2C169-85FE-4C1C-A7E8-811DF9583470}.Release|ARM.Deploy.0 = Release|Any CPU
		{02E2C169-85FE-4C1C-A7E8-811DF9583470}.Release|iPhone.ActiveCfg = Release|Any CPU
		{02E2C169-85FE-4C1C-A7E8-811DF9583470}.Release|iPhone.Build.0 = Release|Any CPU
		{02E2C169-85FE-4C1C-A7E8-811DF9583470}.Release|iPhone.Deploy.0 = Release|Any CPU
		{02E2C169-85FE-4C1C-A7E8-811DF9583470}.Release|iPhoneSimulator.ActiveCfg = Release|Any CPU
		{02E2C169-85FE-4C1C-A7E8-811DF9583470}.Release|iPhoneSimulator.Build.0 = Release|Any CPU
		{02E2C169-85FE-4C1C-A7E8-811DF9583470}.Release|iPhoneSimulator.Deploy.0 = Release|Any CPU
		{02E2C169-85FE-4C1C-A7E8-811DF9583470}.Release|x64.ActiveCfg = Release|Any CPU
		{02E2C169-85FE-4C1C-A7E8-811DF9583470}.Release|x64.Build.0 = Release|Any CPU
		{02E2C169-85FE-4C1C-A7E8-811DF9583470}.Release|x64.Deploy.0 = Release|Any CPU
		{02E2C169-85FE-4C1C-A7E8-811DF9583470}.Release|x86.ActiveCfg = Release|Any CPU
		{02E2C169-85FE-4C1C-A7E8-811DF9583470}.Release|x86.Build.0 = Release|Any CPU
		{02E2C169-85FE-4C1C-A7E8-811DF9583470}.Release|x86.Deploy.0 = Release|Any CPU
	EndGlobalSection
	GlobalSection(SolutionProperties) = preSolution
		HideSolutionNode = FALSE
	EndGlobalSection
	GlobalSection(ExtensibilityGlobals) = postSolution
		SolutionGuid = {284A1DC3-2C99-437A-A41E-9B6B06E697A2}
	EndGlobalSection
EndGlobal
